
Microsoft Visual Studio Solution File, Format Version 12.00
# Visual Studio Version 17
VisualStudioVersion = 17.4.33213.308
MinimumVisualStudioVersion = 10.0.40219.1
Project("{FAE04EC0-301F-11D3-BF4B-00C04F79EFBC}") = "COMP003A.LectureActivity4", "COMP003A.LectureActivity4\COMP003A.LectureActivity4.csproj", "{AED90D19-5ED6-4F98-86C1-01ACABCA95A6}"
EndProject
Global
	GlobalSection(SolutionConfigurationPlatforms) = preSolution
		Debug|Any CPU = Debug|Any CPU
		Release|Any CPU = Release|Any CPU
	EndGlobalSection
	GlobalSection(ProjectConfigurationPlatforms) = postSolution
		{AED90D19-5ED6-4F98-86C1-01ACABCA95A6}.Debug|Any CPU.ActiveCfg = Debug|Any CPU
		{AED90D19-5ED6-4F98-86C1-01ACABCA95A6}.Debug|Any CPU.Build.0 = Debug|Any CPU
		{AED90D19-5ED6-4F98-86C1-01ACABCA95A6}.Release|Any CPU.ActiveCfg = Release|Any CPU
		{AED90D19-5ED6-4F98-86C1-01ACABCA95A6}.Release|Any CPU.Build.0 = Release|Any CPU
	EndGlobalSection
	GlobalSection(SolutionProperties) = preSolution
		HideSolutionNode = FALSE
	EndGlobalSection
	GlobalSection(ExtensibilityGlobals) = postSolution
		SolutionGuid = {70AE2563-E9CF-462F-A30D-8EAF4ED43B24}
	EndGlobalSection
EndGlobal
